#MicroXplorer Configuration settings - do not modify
ADC.ExternalTrigConv=ADC_EXTERNALTRIGCONV_T2_TRGO
ADC.IPParameters=ExternalTrigConv,SamplingTime
ADC.SamplingTime=ADC_SAMPLETIME_28CYCLES_5
FREERTOS.FootprintOK=true
FREERTOS.INCLUDE_vTaskDelayUntil=1
FREERTOS.INCLUDE_vTaskSuspend=0
FREERTOS.IPParameters=Tasks01,FootprintOK,INCLUDE_vTaskSuspend,INCLUDE_vTaskDelayUntil,configUSE_IDLE_HOOK,configTICK_RATE_HZ,configUSE_COUNTING_SEMAPHORES
FREERTOS.Tasks01=defaultTask,-3,128,StartDefaultTask,As weak,NULL,Static,defaultTaskBuffer,defaultTaskControlBlock
FREERTOS.configTICK_RATE_HZ=200
FREERTOS.configUSE_COUNTING_SEMAPHORES=1
FREERTOS.configUSE_IDLE_HOOK=1
File.Version=6
I2C1.I2C_Speed_Mode=I2C_Fast
I2C1.IPParameters=I2C_Speed_Mode,Timing
I2C1.Timing=0x0000020B
KeepUserPlacement=false
Mcu.Family=STM32F0
Mcu.IP0=ADC
Mcu.IP1=FREERTOS
Mcu.IP2=I2C1
Mcu.IP3=NVIC
Mcu.IP4=RCC
Mcu.IP5=SPI1
Mcu.IP6=SYS
Mcu.IP7=TIM2
Mcu.IPNb=8
Mcu.Name=STM32F051K6Tx
Mcu.Package=LQFP32
Mcu.Pin0=PF0-OSC_IN
Mcu.Pin1=PF1-OSC_OUT
Mcu.Pin10=PA9
Mcu.Pin11=PA10
Mcu.Pin12=PA13
Mcu.Pin13=PA14
Mcu.Pin14=PA15
Mcu.Pin15=PB3
Mcu.Pin16=PB4
Mcu.Pin17=PB5
Mcu.Pin18=PB6
Mcu.Pin19=PB7
Mcu.Pin2=PA0
Mcu.Pin20=VP_ADC_Vref_Input
Mcu.Pin21=VP_FREERTOS_VS_CMSIS_V1
Mcu.Pin22=VP_SYS_VS_tim6
Mcu.Pin23=VP_TIM2_VS_ClockSourceINT
Mcu.Pin3=PA1
Mcu.Pin4=PA4
Mcu.Pin5=PA5
Mcu.Pin6=PA6
Mcu.Pin7=PA7
Mcu.Pin8=PB0
Mcu.Pin9=PB1
Mcu.PinsNb=24
Mcu.ThirdPartyNb=0
Mcu.UserConstants=BATTERY_SAMPLE_PERIOD,(1000-1)
Mcu.UserName=STM32F051K6Tx
MxCube.Version=5.4.0
MxDb.Version=DB.5.0.40
NVIC.EXTI0_1_IRQn=true\:3\:0\:false\:false\:true\:true\:true\:false
NVIC.EXTI4_15_IRQn=true\:3\:0\:false\:false\:true\:true\:true\:false
NVIC.ForceEnableDMAVector=true
NVIC.HardFault_IRQn=true\:0\:0\:false\:false\:true\:false\:false\:false
NVIC.I2C1_IRQn=true\:3\:0\:false\:false\:true\:true\:true\:true
NVIC.NonMaskableInt_IRQn=true\:0\:0\:false\:false\:true\:false\:false\:false
NVIC.PendSV_IRQn=true\:3\:0\:false\:false\:false\:true\:false\:false
NVIC.SVC_IRQn=true\:0\:0\:false\:false\:false\:false\:false\:false
NVIC.SysTick_IRQn=true\:3\:0\:false\:false\:false\:true\:false\:false
NVIC.TIM6_DAC_IRQn=true\:0\:0\:false\:false\:true\:false\:false\:true
NVIC.TimeBase=TIM6_DAC_IRQn
NVIC.TimeBaseIP=TIM6
PA0.GPIOParameters=GPIO_Speed,PinState,GPIO_PuPd,GPIO_Label
PA0.GPIO_Label=PWR_CLR
PA0.GPIO_PuPd=GPIO_NOPULL
PA0.GPIO_Speed=GPIO_SPEED_FREQ_MEDIUM
PA0.Locked=true
PA0.PinState=GPIO_PIN_SET
PA0.Signal=GPIO_Output
PA1.GPIOParameters=GPIO_PuPd,GPIO_Label,GPIO_ModeDefaultEXTI
PA1.GPIO_Label=PWR_INT
PA1.GPIO_ModeDefaultEXTI=GPIO_MODE_IT_FALLING
PA1.GPIO_PuPd=GPIO_PULLUP
PA1.Locked=true
PA1.Signal=GPXTI1
PA10.GPIOParameters=GPIO_Speed,GPIO_Label
PA10.GPIO_Label=LED_DEBUG
PA10.GPIO_Speed=GPIO_SPEED_FREQ_HIGH
PA10.Locked=true
PA10.Signal=GPIO_Output
PA13.Mode=Serial_Wire
PA13.Signal=SYS_SWDIO
PA14.Locked=true
PA14.Mode=Serial_Wire
PA14.Signal=SYS_SWCLK
PA15.GPIOParameters=GPIO_Label
PA15.GPIO_Label=LED_CONN_PROB
PA15.Locked=true
PA15.Signal=GPIO_Output
PA4.GPIOParameters=GPIO_PuPd,GPIO_Label,GPIO_ModeDefaultEXTI
PA4.GPIO_Label=NRF24L01_IRQ
PA4.GPIO_ModeDefaultEXTI=GPIO_MODE_IT_FALLING
PA4.GPIO_PuPd=GPIO_PULLUP
PA4.Locked=true
PA4.Signal=GPXTI4
PA5.GPIOParameters=GPIO_Label
PA5.GPIO_Label=NRF24L01_SCK
PA5.Mode=Full_Duplex_Master
PA5.Signal=SPI1_SCK
PA6.GPIOParameters=GPIO_Label
PA6.GPIO_Label=NRF24L01_MISO
PA6.Mode=Full_Duplex_Master
PA6.Signal=SPI1_MISO
PA7.GPIOParameters=GPIO_Label
PA7.GPIO_Label=NRF24L01_MOSI
PA7.Mode=Full_Duplex_Master
PA7.Signal=SPI1_MOSI
PA9.GPIOParameters=GPIO_Speed,PinState,GPIO_Label
PA9.GPIO_Label=FLAG_DEBUG
PA9.GPIO_Speed=GPIO_SPEED_FREQ_HIGH
PA9.Locked=true
PA9.PinState=GPIO_PIN_RESET
PA9.Signal=GPIO_Output
PB0.GPIOParameters=PinState,GPIO_PuPd,GPIO_Label
PB0.GPIO_Label=NRF24L01_CSN
PB0.GPIO_PuPd=GPIO_PULLUP
PB0.Locked=true
PB0.PinState=GPIO_PIN_SET
PB0.Signal=GPIO_Output
PB1.GPIOParameters=GPIO_PuPd,GPIO_Label
PB1.GPIO_Label=NRF24L01_CE
PB1.GPIO_PuPd=GPIO_PULLUP
PB1.Locked=true
PB1.Signal=GPIO_Output
PB3.GPIOParameters=GPIO_PuPd,GPIO_Label
PB3.GPIO_Label=LED_PWR
PB3.GPIO_PuPd=GPIO_NOPULL
PB3.Locked=true
PB3.Signal=S_TIM2_CH2
PB4.GPIOParameters=GPIO_Label
PB4.GPIO_Label=MPU_6050_SDA_BRIDGE
PB4.Locked=true
PB4.Signal=GPIO_Analog
PB5.GPIOParameters=GPIO_PuPd,GPIO_Label,GPIO_ModeDefaultEXTI
PB5.GPIO_Label=MPU_6050_INT
PB5.GPIO_ModeDefaultEXTI=GPIO_MODE_IT_FALLING
PB5.GPIO_PuPd=GPIO_PULLUP
PB5.Locked=true
PB5.Signal=GPXTI5
PB6.GPIOParameters=GPIO_Label
PB6.GPIO_Label=MPU_6050_SCL
PB6.Mode=I2C
PB6.Signal=I2C1_SCL
PB7.GPIOParameters=GPIO_Label
PB7.GPIO_Label=MPU_6050_SDA
PB7.Mode=I2C
PB7.Signal=I2C1_SDA
PCC.Checker=false
PCC.Line=STM32F0x1
PCC.MCU=STM32F051K6Tx
PCC.PartNumber=STM32F051K6Tx
PCC.Seq0=15
PCC.Seq0.Step0.Average_Current=3.28 mA
PCC.Seq0.Step0.CPU_Frequency=8 MHz
PCC.Seq0.Step0.Category=In DS Table
PCC.Seq0.Step0.DMIPS=0.0
PCC.Seq0.Step0.Duration=20 ms
PCC.Seq0.Step0.Frequency=8 MHz
PCC.Seq0.Step0.Memory=RAM/FLASH
PCC.Seq0.Step0.Mode=SLEEP
PCC.Seq0.Step0.Oscillator=HSI
PCC.Seq0.Step0.Peripherals=GPIOA GPIOB GPIOF I2C1 SPI1 TIM3
PCC.Seq0.Step0.TaMax=104.39
PCC.Seq0.Step0.User's_Consumption=2.2 mA
PCC.Seq0.Step0.Vcore=No Scale
PCC.Seq0.Step0.Vdd=3.3
PCC.Seq0.Step0.Voltage_Source=Battery
PCC.Seq0.Step1.Average_Current=12.64 mA
PCC.Seq0.Step1.CPU_Frequency=16 MHz
PCC.Seq0.Step1.Category=In DS Table
PCC.Seq0.Step1.DMIPS=0.0
PCC.Seq0.Step1.Duration=1 ms
PCC.Seq0.Step1.Frequency=8 MHz
PCC.Seq0.Step1.Memory=FLASH
PCC.Seq0.Step1.Mode=RUN
PCC.Seq0.Step1.Oscillator=HSE PLL
PCC.Seq0.Step1.Peripherals=GPIOA GPIOB GPIOF I2C1 SPI1 TIM3
PCC.Seq0.Step1.TaMax=102.66
PCC.Seq0.Step1.User's_Consumption=6.7 mA
PCC.Seq0.Step1.Vcore=No Scale
PCC.Seq0.Step1.Vdd=3.3
PCC.Seq0.Step1.Voltage_Source=Battery
PCC.Seq0.Step10.Average_Current=12.64 mA
PCC.Seq0.Step10.CPU_Frequency=16 MHz
PCC.Seq0.Step10.Category=In DS Table
PCC.Seq0.Step10.DMIPS=0.0
PCC.Seq0.Step10.Duration=1 ms
PCC.Seq0.Step10.Frequency=8 MHz
PCC.Seq0.Step10.Memory=FLASH
PCC.Seq0.Step10.Mode=RUN
PCC.Seq0.Step10.Oscillator=HSE PLL
PCC.Seq0.Step10.Peripherals=GPIOA GPIOB GPIOF I2C1 SPI1 TIM3
PCC.Seq0.Step10.TaMax=102.66
PCC.Seq0.Step10.User's_Consumption=6.7 mA
PCC.Seq0.Step10.Vcore=No Scale
PCC.Seq0.Step10.Vdd=3.3
PCC.Seq0.Step10.Voltage_Source=Battery
PCC.Seq0.Step11.Average_Current=8.14 mA
PCC.Seq0.Step11.CPU_Frequency=16 MHz
PCC.Seq0.Step11.Category=In DS Table
PCC.Seq0.Step11.DMIPS=0.0
PCC.Seq0.Step11.Duration=1 ms
PCC.Seq0.Step11.Frequency=8 MHz
PCC.Seq0.Step11.Memory=FLASH
PCC.Seq0.Step11.Mode=RUN
PCC.Seq0.Step11.Oscillator=HSE PLL
PCC.Seq0.Step11.Peripherals=GPIOA GPIOB GPIOF I2C1 SPI1 TIM3
PCC.Seq0.Step11.TaMax=103.5
PCC.Seq0.Step11.User's_Consumption=2.2 mA
PCC.Seq0.Step11.Vcore=No Scale
PCC.Seq0.Step11.Vdd=3.3
PCC.Seq0.Step11.Voltage_Source=Battery
PCC.Seq0.Step12.Average_Current=3.28 mA
PCC.Seq0.Step12.CPU_Frequency=8 MHz
PCC.Seq0.Step12.Category=In DS Table
PCC.Seq0.Step12.DMIPS=0.0
PCC.Seq0.Step12.Duration=8 ms
PCC.Seq0.Step12.Frequency=8 MHz
PCC.Seq0.Step12.Memory=RAM/FLASH
PCC.Seq0.Step12.Mode=SLEEP
PCC.Seq0.Step12.Oscillator=HSI
PCC.Seq0.Step12.Peripherals=GPIOA GPIOB GPIOF I2C1 SPI1 TIM3
PCC.Seq0.Step12.TaMax=104.39
PCC.Seq0.Step12.User's_Consumption=2.2 mA
PCC.Seq0.Step12.Vcore=No Scale
PCC.Seq0.Step12.Vdd=3.3
PCC.Seq0.Step12.Voltage_Source=Battery
PCC.Seq0.Step13.Average_Current=16.08 mA
PCC.Seq0.Step13.CPU_Frequency=8 MHz
PCC.Seq0.Step13.Category=In DS Table
PCC.Seq0.Step13.DMIPS=0.0
PCC.Seq0.Step13.Duration=4 ms
PCC.Seq0.Step13.Frequency=8 MHz
PCC.Seq0.Step13.Memory=RAM/FLASH
PCC.Seq0.Step13.Mode=SLEEP
PCC.Seq0.Step13.Oscillator=HSI
PCC.Seq0.Step13.Peripherals=GPIOA GPIOB GPIOF I2C1 SPI1 TIM3
PCC.Seq0.Step13.TaMax=102.03
PCC.Seq0.Step13.User's_Consumption=15 mA
PCC.Seq0.Step13.Vcore=No Scale
PCC.Seq0.Step13.Vdd=3.3
PCC.Seq0.Step13.Voltage_Source=Battery
PCC.Seq0.Step14.Average_Current=3.28 mA
PCC.Seq0.Step14.CPU_Frequency=8 MHz
PCC.Seq0.Step14.Category=In DS Table
PCC.Seq0.Step14.DMIPS=0.0
PCC.Seq0.Step14.Duration=6 ms
PCC.Seq0.Step14.Frequency=8 MHz
PCC.Seq0.Step14.Memory=RAM/FLASH
PCC.Seq0.Step14.Mode=SLEEP
PCC.Seq0.Step14.Oscillator=HSI
PCC.Seq0.Step14.Peripherals=GPIOA GPIOB GPIOF I2C1 SPI1 TIM3
PCC.Seq0.Step14.TaMax=104.39
PCC.Seq0.Step14.User's_Consumption=2.2 mA
PCC.Seq0.Step14.Vcore=No Scale
PCC.Seq0.Step14.Vdd=3.3
PCC.Seq0.Step14.Voltage_Source=Battery
PCC.Seq0.Step2.Average_Current=8.14 mA
PCC.Seq0.Step2.CPU_Frequency=16 MHz
PCC.Seq0.Step2.Category=In DS Table
PCC.Seq0.Step2.DMIPS=0.0
PCC.Seq0.Step2.Duration=1 ms
PCC.Seq0.Step2.Frequency=8 MHz
PCC.Seq0.Step2.Memory=FLASH
PCC.Seq0.Step2.Mode=RUN
PCC.Seq0.Step2.Oscillator=HSE PLL
PCC.Seq0.Step2.Peripherals=GPIOA GPIOB GPIOF I2C1 SPI1 TIM3
PCC.Seq0.Step2.TaMax=103.5
PCC.Seq0.Step2.User's_Consumption=2.2 mA
PCC.Seq0.Step2.Vcore=No Scale
PCC.Seq0.Step2.Vdd=3.3
PCC.Seq0.Step2.Voltage_Source=Battery
PCC.Seq0.Step3.Average_Current=3.28 mA
PCC.Seq0.Step3.CPU_Frequency=8 MHz
PCC.Seq0.Step3.Category=In DS Table
PCC.Seq0.Step3.DMIPS=0.0
PCC.Seq0.Step3.Duration=8 ms
PCC.Seq0.Step3.Frequency=8 MHz
PCC.Seq0.Step3.Memory=RAM/FLASH
PCC.Seq0.Step3.Mode=SLEEP
PCC.Seq0.Step3.Oscillator=HSI
PCC.Seq0.Step3.Peripherals=GPIOA GPIOB GPIOF I2C1 SPI1 TIM3
PCC.Seq0.Step3.TaMax=104.39
PCC.Seq0.Step3.User's_Consumption=2.2 mA
PCC.Seq0.Step3.Vcore=No Scale
PCC.Seq0.Step3.Vdd=3.3
PCC.Seq0.Step3.Voltage_Source=Battery
PCC.Seq0.Step4.Average_Current=16.08 mA
PCC.Seq0.Step4.CPU_Frequency=8 MHz
PCC.Seq0.Step4.Category=In DS Table
PCC.Seq0.Step4.DMIPS=0.0
PCC.Seq0.Step4.Duration=4 ms
PCC.Seq0.Step4.Frequency=8 MHz
PCC.Seq0.Step4.Memory=RAM/FLASH
PCC.Seq0.Step4.Mode=SLEEP
PCC.Seq0.Step4.Oscillator=HSI
PCC.Seq0.Step4.Peripherals=GPIOA GPIOB GPIOF I2C1 SPI1 TIM3
PCC.Seq0.Step4.TaMax=102.03
PCC.Seq0.Step4.User's_Consumption=15 mA
PCC.Seq0.Step4.Vcore=No Scale
PCC.Seq0.Step4.Vdd=3.3
PCC.Seq0.Step4.Voltage_Source=Battery
PCC.Seq0.Step5.Average_Current=3.28 mA
PCC.Seq0.Step5.CPU_Frequency=8 MHz
PCC.Seq0.Step5.Category=In DS Table
PCC.Seq0.Step5.DMIPS=0.0
PCC.Seq0.Step5.Duration=6 ms
PCC.Seq0.Step5.Frequency=8 MHz
PCC.Seq0.Step5.Memory=RAM/FLASH
PCC.Seq0.Step5.Mode=SLEEP
PCC.Seq0.Step5.Oscillator=HSI
PCC.Seq0.Step5.Peripherals=GPIOA GPIOB GPIOF I2C1 SPI1 TIM3
PCC.Seq0.Step5.TaMax=104.39
PCC.Seq0.Step5.User's_Consumption=2.2 mA
PCC.Seq0.Step5.Vcore=No Scale
PCC.Seq0.Step5.Vdd=3.3
PCC.Seq0.Step5.Voltage_Source=Battery
PCC.Seq0.Step6.Average_Current=6.32 mA
PCC.Seq0.Step6.CPU_Frequency=8 MHz
PCC.Seq0.Step6.Category=In DS Table
PCC.Seq0.Step6.DMIPS=0.0
PCC.Seq0.Step6.Duration=5 \u00B5s
PCC.Seq0.Step6.Frequency=8 MHz
PCC.Seq0.Step6.Memory=FLASH
PCC.Seq0.Step6.Mode=RUN
PCC.Seq0.Step6.Oscillator=HSI
PCC.Seq0.Step6.Peripherals=ADC GPIOA GPIOB GPIOF I2C1 SPI1 TIM3
PCC.Seq0.Step6.TaMax=103.83
PCC.Seq0.Step6.User's_Consumption=2.2 mA
PCC.Seq0.Step6.Vcore=No Scale
PCC.Seq0.Step6.Vdd=3.3
PCC.Seq0.Step6.Voltage_Source=Battery
PCC.Seq0.Step7.Average_Current=3.28 mA
PCC.Seq0.Step7.CPU_Frequency=8 MHz
PCC.Seq0.Step7.Category=In DS Table
PCC.Seq0.Step7.DMIPS=0.0
PCC.Seq0.Step7.Duration=4.995 ms
PCC.Seq0.Step7.Frequency=8 MHz
PCC.Seq0.Step7.Memory=RAM/FLASH
PCC.Seq0.Step7.Mode=SLEEP
PCC.Seq0.Step7.Oscillator=HSI
PCC.Seq0.Step7.Peripherals=GPIOA GPIOB GPIOF I2C1 SPI1 TIM3
PCC.Seq0.Step7.TaMax=104.39
PCC.Seq0.Step7.User's_Consumption=2.2 mA
PCC.Seq0.Step7.Vcore=No Scale
PCC.Seq0.Step7.Vdd=3.3
PCC.Seq0.Step7.Voltage_Source=Battery
PCC.Seq0.Step8.Average_Current=8.14 mA
PCC.Seq0.Step8.CPU_Frequency=16 MHz
PCC.Seq0.Step8.Category=In DS Table
PCC.Seq0.Step8.DMIPS=0.0
PCC.Seq0.Step8.Duration=500 \u00B5s
PCC.Seq0.Step8.Frequency=8 MHz
PCC.Seq0.Step8.Memory=FLASH
PCC.Seq0.Step8.Mode=RUN
PCC.Seq0.Step8.Oscillator=HSE PLL
PCC.Seq0.Step8.Peripherals=GPIOA GPIOB GPIOF I2C1 SPI1 TIM3
PCC.Seq0.Step8.TaMax=103.5
PCC.Seq0.Step8.User's_Consumption=2.2 mA
PCC.Seq0.Step8.Vcore=No Scale
PCC.Seq0.Step8.Vdd=3.3
PCC.Seq0.Step8.Voltage_Source=Battery
PCC.Seq0.Step9.Average_Current=3.28 mA
PCC.Seq0.Step9.CPU_Frequency=8 MHz
PCC.Seq0.Step9.Category=In DS Table
PCC.Seq0.Step9.DMIPS=0.0
PCC.Seq0.Step9.Duration=14.5 ms
PCC.Seq0.Step9.Frequency=8 MHz
PCC.Seq0.Step9.Memory=RAM/FLASH
PCC.Seq0.Step9.Mode=SLEEP
PCC.Seq0.Step9.Oscillator=HSI
PCC.Seq0.Step9.Peripherals=GPIOA GPIOB GPIOF I2C1 SPI1 TIM3
PCC.Seq0.Step9.TaMax=104.39
PCC.Seq0.Step9.User's_Consumption=2.2 mA
PCC.Seq0.Step9.Vcore=No Scale
PCC.Seq0.Step9.Vdd=3.3
PCC.Seq0.Step9.Voltage_Source=Battery
PCC.Series=STM32F0
PCC.Temperature=25
PCC.Vdd=3.3
PF0-OSC_IN.GPIOParameters=GPIO_Label
PF0-OSC_IN.GPIO_Label=STM32F051_CRYSTAL1
PF0-OSC_IN.Mode=HSE-External-Oscillator
PF0-OSC_IN.Signal=RCC_OSC_IN
PF1-OSC_OUT.GPIOParameters=GPIO_Label
PF1-OSC_OUT.GPIO_Label=STM32F051_CRYSTAL2
PF1-OSC_OUT.Mode=HSE-External-Oscillator
PF1-OSC_OUT.Signal=RCC_OSC_OUT
PinOutPanel.RotationAngle=0
ProjectManager.AskForMigrate=true
ProjectManager.BackupPrevious=false
ProjectManager.CompilerOptimize=6
ProjectManager.ComputerToolchain=false
ProjectManager.CoupleFile=true
ProjectManager.CustomerFirmwarePackage=
ProjectManager.DefaultFWLocation=true
ProjectManager.DeletePrevious=true
ProjectManager.DeviceId=STM32F051K6Tx
ProjectManager.FirmwarePackage=STM32Cube FW_F0 V1.11.2
ProjectManager.FreePins=false
ProjectManager.HalAssertFull=false
ProjectManager.HeapSize=0x200
ProjectManager.KeepUserCode=true
ProjectManager.LastFirmware=true
ProjectManager.LibraryCopy=1
ProjectManager.MainLocation=Core/Src
ProjectManager.NoMain=false
ProjectManager.PreviousToolchain=
ProjectManager.ProjectBuild=false
ProjectManager.ProjectFileName=F051qfp_CubeMX.ioc
ProjectManager.ProjectName=F051qfp_CubeMX
ProjectManager.StackSize=0x400
ProjectManager.TargetToolchain=MDK-ARM V5.27
ProjectManager.ToolChainLocation=
ProjectManager.UnderRoot=false
ProjectManager.functionlistsort=1-MX_GPIO_Init-GPIO-false-HAL-true,2-SystemClock_Config-RCC-false-HAL-false,3-MX_I2C1_Init-I2C1-false-HAL-true,4-MX_SPI1_Init-SPI1-false-HAL-true,5-MX_ADC_Init-ADC-false-HAL-true,6-MX_TIM3_Init-TIM3-false-HAL-true,7-MX_TIM2_Init-TIM2-false-HAL-true
RCC.AHBFreq_Value=48000000
RCC.APB1Freq_Value=48000000
RCC.APB1TimFreq_Value=48000000
RCC.CECFreq_Value=32786.88524590164
RCC.FCLKCortexFreq_Value=48000000
RCC.FamilyName=M
RCC.HCLKFreq_Value=48000000
RCC.HSE_VALUE=16000000
RCC.HSICECFreq_Value=32786.88524590164
RCC.I2C1Freq_Value=8000000
RCC.I2SFreq_Value=48000000
RCC.IPParameters=AHBFreq_Value,APB1Freq_Value,APB1TimFreq_Value,CECFreq_Value,FCLKCortexFreq_Value,FamilyName,HCLKFreq_Value,HSE_VALUE,HSICECFreq_Value,I2C1Freq_Value,I2SFreq_Value,MCOFreq_Value,PLLCLKFreq_Value,PLLMCOFreq_Value,PLLMUL,PLLSourceVirtual,SYSCLKFreq_VALUE,SYSCLKSource,TimSysFreq_Value,USART1Freq_Value,VCOOutput2Freq_Value
RCC.MCOFreq_Value=48000000
RCC.PLLCLKFreq_Value=48000000
RCC.PLLMCOFreq_Value=24000000
RCC.PLLMUL=RCC_PLL_MUL3
RCC.PLLSourceVirtual=RCC_PLLSOURCE_HSE
RCC.SYSCLKFreq_VALUE=48000000
RCC.SYSCLKSource=RCC_SYSCLKSOURCE_PLLCLK
RCC.TimSysFreq_Value=48000000
RCC.USART1Freq_Value=48000000
RCC.VCOOutput2Freq_Value=16000000
SH.GPXTI1.0=GPIO_EXTI1
SH.GPXTI1.ConfNb=1
SH.GPXTI4.0=GPIO_EXTI4
SH.GPXTI4.ConfNb=1
SH.GPXTI5.0=GPIO_EXTI5
SH.GPXTI5.ConfNb=1
SH.S_TIM2_CH2.0=TIM2_CH2,PWM Generation2 CH2
SH.S_TIM2_CH2.ConfNb=1
SPI1.BaudRatePrescaler=SPI_BAUDRATEPRESCALER_32
SPI1.CLKPolarity=SPI_POLARITY_LOW
SPI1.CalculateBaudRate=1.5 MBits/s
SPI1.DataSize=SPI_DATASIZE_8BIT
SPI1.Direction=SPI_DIRECTION_2LINES
SPI1.IPParameters=VirtualType,Mode,Direction,CalculateBaudRate,BaudRatePrescaler,CLKPolarity,NSSPMode,DataSize
SPI1.Mode=SPI_MODE_MASTER
SPI1.NSSPMode=SPI_NSS_PULSE_DISABLE
SPI1.VirtualType=VM_MASTER
TIM2.Channel-PWM\ Generation2\ CH2=TIM_CHANNEL_2
TIM2.IPParameters=Channel-PWM Generation2 CH2,Prescaler,Period,TIM_MasterOutputTrigger
TIM2.Period=BATTERY_SAMPLE_PERIOD
TIM2.Prescaler=48000-1
TIM2.TIM_MasterOutputTrigger=TIM_TRGO_UPDATE
VP_ADC_Vref_Input.Mode=IN-Vrefint
VP_ADC_Vref_Input.Signal=ADC_Vref_Input
VP_FREERTOS_VS_CMSIS_V1.Mode=CMSIS_V1
VP_FREERTOS_VS_CMSIS_V1.Signal=FREERTOS_VS_CMSIS_V1
VP_SYS_VS_tim6.Mode=TIM6
VP_SYS_VS_tim6.Signal=SYS_VS_tim6
VP_TIM2_VS_ClockSourceINT.Mode=Internal
VP_TIM2_VS_ClockSourceINT.Signal=TIM2_VS_ClockSourceINT
board=custom
